
Microsoft Visual Studio Solution File, Format Version 12.00
# Visual Studio Version 17
VisualStudioVersion = 17.13.35919.96 d17.13
MinimumVisualStudioVersion = 10.0.40219.1
Project("{FAE04EC0-301F-11D3-BF4B-00C04F79EFBC}") = "LangExamples", "LangExamples.csproj", "{AD32B8E5-1CA6-4267-AED1-5C935643C2BB}"
EndProject
Project("{FAE04EC0-301F-11D3-BF4B-00C04F79EFBC}") = "Services", "..\Services\Services.csproj", "{801721D3-A632-462E-AA72-ACDEFBA9B327}"
EndProject
Global
	GlobalSection(SolutionConfigurationPlatforms) = preSolution
		Debug|Any CPU = Debug|Any CPU
		Release|Any CPU = Release|Any CPU
	EndGlobalSection
	GlobalSection(ProjectConfigurationPlatforms) = postSolution
		{AD32B8E5-1CA6-4267-AED1-5C935643C2BB}.Debug|Any CPU.ActiveCfg = Debug|Any CPU
		{AD32B8E5-1CA6-4267-AED1-5C935643C2BB}.Debug|Any CPU.Build.0 = Debug|Any CPU
		{AD32B8E5-1CA6-4267-AED1-5C935643C2BB}.Release|Any CPU.ActiveCfg = Release|Any CPU
		{AD32B8E5-1CA6-4267-AED1-5C935643C2BB}.Release|Any CPU.Build.0 = Release|Any CPU
		{801721D3-A632-462E-AA72-ACDEFBA9B327}.Debug|Any CPU.ActiveCfg = Debug|Any CPU
		{801721D3-A632-462E-AA72-ACDEFBA9B327}.Debug|Any CPU.Build.0 = Debug|Any CPU
		{801721D3-A632-462E-AA72-ACDEFBA9B327}.Release|Any CPU.ActiveCfg = Release|Any CPU
		{801721D3-A632-462E-AA72-ACDEFBA9B327}.Release|Any CPU.Build.0 = Release|Any CPU
	EndGlobalSection
	GlobalSection(SolutionProperties) = preSolution
		HideSolutionNode = FALSE
	EndGlobalSection
	GlobalSection(ExtensibilityGlobals) = postSolution
		SolutionGuid = {E1C26DBA-46C9-46D4-98E1-A3CEE0C1B9C0}
	EndGlobalSection
EndGlobal
