
Microsoft Visual Studio Solution File, Format Version 12.00
# Visual Studio Version 17
VisualStudioVersion = 17.13.35919.96
MinimumVisualStudioVersion = 10.0.40219.1
Project("{FAE04EC0-301F-11D3-BF4B-00C04F79EFBC}") = "POCO", "POCO\POCO.csproj", "{A623C94D-CAC4-4C1B-A598-FCE001587E5A}"
EndProject
Project("{FAE04EC0-301F-11D3-BF4B-00C04F79EFBC}") = "pocotest", "pocotest\pocotest.csproj", "{D9972A98-2F5C-4CD2-99B8-DC206F174CE2}"
EndProject
Global
	GlobalSection(SolutionConfigurationPlatforms) = preSolution
		Debug|Any CPU = Debug|Any CPU
		Release|Any CPU = Release|Any CPU
	EndGlobalSection
	GlobalSection(ProjectConfigurationPlatforms) = postSolution
		{A623C94D-CAC4-4C1B-A598-FCE001587E5A}.Debug|Any CPU.ActiveCfg = Debug|Any CPU
		{A623C94D-CAC4-4C1B-A598-FCE001587E5A}.Debug|Any CPU.Build.0 = Debug|Any CPU
		{A623C94D-CAC4-4C1B-A598-FCE001587E5A}.Release|Any CPU.ActiveCfg = Release|Any CPU
		{A623C94D-CAC4-4C1B-A598-FCE001587E5A}.Release|Any CPU.Build.0 = Release|Any CPU
		{D9972A98-2F5C-4CD2-99B8-DC206F174CE2}.Debug|Any CPU.ActiveCfg = Debug|Any CPU
		{D9972A98-2F5C-4CD2-99B8-DC206F174CE2}.Debug|Any CPU.Build.0 = Debug|Any CPU
		{D9972A98-2F5C-4CD2-99B8-DC206F174CE2}.Release|Any CPU.ActiveCfg = Release|Any CPU
		{D9972A98-2F5C-4CD2-99B8-DC206F174CE2}.Release|Any CPU.Build.0 = Release|Any CPU
	EndGlobalSection
	GlobalSection(SolutionProperties) = preSolution
		HideSolutionNode = FALSE
	EndGlobalSection
	GlobalSection(ExtensibilityGlobals) = postSolution
		SolutionGuid = {06775A4A-9A3B-41D6-8FA1-CCE1CBD7E4C0}
	EndGlobalSection
EndGlobal
