
Microsoft Visual Studio Solution File, Format Version 12.00
# Visual Studio Version 17
VisualStudioVersion = 17.13.35919.96 d17.13
MinimumVisualStudioVersion = 10.0.40219.1
Project("{FAE04EC0-301F-11D3-BF4B-00C04F79EFBC}") = "WpfApp1", "WpfApp1\WpfApp1.csproj", "{0E58C7DF-A1ED-4B34-9647-3C06370AD387}"
EndProject
Global
	GlobalSection(SolutionConfigurationPlatforms) = preSolution
		Debug|Any CPU = Debug|Any CPU
		Release|Any CPU = Release|Any CPU
	EndGlobalSection
	GlobalSection(ProjectConfigurationPlatforms) = postSolution
		{0E58C7DF-A1ED-4B34-9647-3C06370AD387}.Debug|Any CPU.ActiveCfg = Debug|Any CPU
		{0E58C7DF-A1ED-4B34-9647-3C06370AD387}.Debug|Any CPU.Build.0 = Debug|Any CPU
		{0E58C7DF-A1ED-4B34-9647-3C06370AD387}.Release|Any CPU.ActiveCfg = Release|Any CPU
		{0E58C7DF-A1ED-4B34-9647-3C06370AD387}.Release|Any CPU.Build.0 = Release|Any CPU
	EndGlobalSection
	GlobalSection(SolutionProperties) = preSolution
		HideSolutionNode = FALSE
	EndGlobalSection
	GlobalSection(ExtensibilityGlobals) = postSolution
		SolutionGuid = {F3AA05BE-AC3B-41EE-ABFA-AFA0D80D4554}
	EndGlobalSection
EndGlobal
