
Microsoft Visual Studio Solution File, Format Version 12.00
# Visual Studio Version 17
VisualStudioVersion = 17.13.35919.96 d17.13
MinimumVisualStudioVersion = 10.0.40219.1
Project("{FAE04EC0-301F-11D3-BF4B-00C04F79EFBC}") = "TURBOCAM-Deneme", "TURBOCAM-Deneme\TURBOCAM-Deneme.csproj", "{145E2F8D-2A3B-4C66-83F7-30FEEE2A3A6F}"
EndProject
Global
	GlobalSection(SolutionConfigurationPlatforms) = preSolution
		Debug|Any CPU = Debug|Any CPU
		Release|Any CPU = Release|Any CPU
	EndGlobalSection
	GlobalSection(ProjectConfigurationPlatforms) = postSolution
		{145E2F8D-2A3B-4C66-83F7-30FEEE2A3A6F}.Debug|Any CPU.ActiveCfg = Debug|Any CPU
		{145E2F8D-2A3B-4C66-83F7-30FEEE2A3A6F}.Debug|Any CPU.Build.0 = Debug|Any CPU
		{145E2F8D-2A3B-4C66-83F7-30FEEE2A3A6F}.Release|Any CPU.ActiveCfg = Release|Any CPU
		{145E2F8D-2A3B-4C66-83F7-30FEEE2A3A6F}.Release|Any CPU.Build.0 = Release|Any CPU
	EndGlobalSection
	GlobalSection(SolutionProperties) = preSolution
		HideSolutionNode = FALSE
	EndGlobalSection
	GlobalSection(ExtensibilityGlobals) = postSolution
		SolutionGuid = {6F038CAC-7115-4462-9DA4-4D37DBAB1C62}
	EndGlobalSection
EndGlobal
